// !$*UTF8*$!
{
	archiveVersion = 1;
	classes = {
	};
	objectVersion = 55;
	objects = {

/* Begin PBXBuildFile section */
		CE4F92262854AB6D007187E7 /* RingView.swift in Sources */ = {isa = PBXBuildFile; fileRef = CE4F92252854AB6D007187E7 /* RingView.swift */; };
		CE4F92282854B299007187E7 /* Nutrition.swift in Sources */ = {isa = PBXBuildFile; fileRef = CE4F92272854B299007187E7 /* Nutrition.swift */; };
		CE4F92292854B299007187E7 /* Nutrition.swift in Sources */ = {isa = PBXBuildFile; fileRef = CE4F92272854B299007187E7 /* Nutrition.swift */; };
		CE4F922A2854BD7B007187E7 /* RingView.swift in Sources */ = {isa = PBXBuildFile; fileRef = CE4F92252854AB6D007187E7 /* RingView.swift */; };
		CE5127AB292E2DE90041596A /* CaloriesWidgetLockScreenView.swift in Sources */ = {isa = PBXBuildFile; fileRef = CE5127A9292E23EE0041596A /* CaloriesWidgetLockScreenView.swift */; };
		CE6E099127C32A77008D83B9 /* CaloriesApp.swift in Sources */ = {isa = PBXBuildFile; fileRef = CE6E099027C32A77008D83B9 /* CaloriesApp.swift */; };
		CE6E099327C32A77008D83B9 /* ContentView.swift in Sources */ = {isa = PBXBuildFile; fileRef = CE6E099227C32A77008D83B9 /* ContentView.swift */; };
		CE6E099527C32A77008D83B9 /* Assets.xcassets in Resources */ = {isa = PBXBuildFile; fileRef = CE6E099427C32A77008D83B9 /* Assets.xcassets */; };
		CE6E099827C32A77008D83B9 /* Preview Assets.xcassets in Resources */ = {isa = PBXBuildFile; fileRef = CE6E099727C32A77008D83B9 /* Preview Assets.xcassets */; };
		CE6E09A527C32A9C008D83B9 /* WidgetKit.framework in Frameworks */ = {isa = PBXBuildFile; fileRef = CE6E09A427C32A9C008D83B9 /* WidgetKit.framework */; };
		CE6E09A727C32A9C008D83B9 /* SwiftUI.framework in Frameworks */ = {isa = PBXBuildFile; fileRef = CE6E09A627C32A9C008D83B9 /* SwiftUI.framework */; };
		CE6E09AA27C32A9C008D83B9 /* CaloriesWidget.swift in Sources */ = {isa = PBXBuildFile; fileRef = CE6E09A927C32A9C008D83B9 /* CaloriesWidget.swift */; };
		CE6E09AC27C32A9D008D83B9 /* Assets.xcassets in Resources */ = {isa = PBXBuildFile; fileRef = CE6E09AB27C32A9D008D83B9 /* Assets.xcassets */; };
		CE6E09B027C32A9D008D83B9 /* CaloriesWidgetExtension.appex in Embed Foundation Extensions */ = {isa = PBXBuildFile; fileRef = CE6E09A227C32A9C008D83B9 /* CaloriesWidgetExtension.appex */; settings = {ATTRIBUTES = (RemoveHeadersOnCopy, ); }; };
		CE6E09B727C32AB8008D83B9 /* HealthKit.framework in Frameworks */ = {isa = PBXBuildFile; fileRef = CE6E09B627C32AB8008D83B9 /* HealthKit.framework */; };
		CE6E09B927C32AD5008D83B9 /* HealthKit.framework in Frameworks */ = {isa = PBXBuildFile; fileRef = CE6E09B627C32AB8008D83B9 /* HealthKit.framework */; };
		CE6E09BB27C32D73008D83B9 /* HealthValueView.swift in Sources */ = {isa = PBXBuildFile; fileRef = CE6E09BA27C32D73008D83B9 /* HealthValueView.swift */; };
		CE6E09BF27C33198008D83B9 /* Energy.swift in Sources */ = {isa = PBXBuildFile; fileRef = CE6E09BE27C33198008D83B9 /* Energy.swift */; };
		CE6E09C127C34C0A008D83B9 /* HealthObserver.swift in Sources */ = {isa = PBXBuildFile; fileRef = CE6E09C027C34C0A008D83B9 /* HealthObserver.swift */; };
		CE6E09C427C3796E008D83B9 /* HealthObserver.swift in Sources */ = {isa = PBXBuildFile; fileRef = CE6E09C027C34C0A008D83B9 /* HealthObserver.swift */; };
		CE6E09C627C37F1D008D83B9 /* CaloriesEntry.swift in Sources */ = {isa = PBXBuildFile; fileRef = CE6E09C227C37751008D83B9 /* CaloriesEntry.swift */; };
		CE6E09C727C37F4A008D83B9 /* Energy.swift in Sources */ = {isa = PBXBuildFile; fileRef = CE6E09BE27C33198008D83B9 /* Energy.swift */; };
		CE78E82D2855A224001DE399 /* CaloriesView.swift in Sources */ = {isa = PBXBuildFile; fileRef = CE78E82C2855A224001DE399 /* CaloriesView.swift */; };
		CE78E82F2855EA00001DE399 /* CalorieDetailView.swift in Sources */ = {isa = PBXBuildFile; fileRef = CE78E82E2855EA00001DE399 /* CalorieDetailView.swift */; };
		CE78E8332855F67E001DE399 /* NutritionDetailView.swift in Sources */ = {isa = PBXBuildFile; fileRef = CE78E8322855F67E001DE399 /* NutritionDetailView.swift */; };
		CE794226297D31E600C9499C /* ViewModel.swift in Sources */ = {isa = PBXBuildFile; fileRef = CE794225297D31E600C9499C /* ViewModel.swift */; };
		CE82CE3C27C47B6B001208D1 /* Color+Extension.swift in Sources */ = {isa = PBXBuildFile; fileRef = CE82CE3B27C47B6B001208D1 /* Color+Extension.swift */; };
		CE82CE3D27C47BC7001208D1 /* Color+Extension.swift in Sources */ = {isa = PBXBuildFile; fileRef = CE82CE3B27C47B6B001208D1 /* Color+Extension.swift */; };
		CE95414B27C3825A00DEB186 /* CaloriesWidgetView.swift in Sources */ = {isa = PBXBuildFile; fileRef = CE95414A27C3825A00DEB186 /* CaloriesWidgetView.swift */; };
		CEF2466428575D8700D9883C /* GoalSettingView.swift in Sources */ = {isa = PBXBuildFile; fileRef = CEF2466328575D8700D9883C /* GoalSettingView.swift */; };
/* End PBXBuildFile section */

/* Begin PBXContainerItemProxy section */
		CE62D7BE27C38153004F5286 /* PBXContainerItemProxy */ = {
			isa = PBXContainerItemProxy;
			containerPortal = CE6E098527C32A77008D83B9 /* Project object */;
			proxyType = 1;
			remoteGlobalIDString = CE6E09A127C32A9C008D83B9;
			remoteInfo = CaloriesWidgetExtension;
		};
/* End PBXContainerItemProxy section */

/* Begin PBXCopyFilesBuildPhase section */
		CE6E09B427C32A9D008D83B9 /* Embed Foundation Extensions */ = {
			isa = PBXCopyFilesBuildPhase;
			buildActionMask = 2147483647;
			dstPath = "";
			dstSubfolderSpec = 13;
			files = (
				CE6E09B027C32A9D008D83B9 /* CaloriesWidgetExtension.appex in Embed Foundation Extensions */,
			);
			name = "Embed Foundation Extensions";
			runOnlyForDeploymentPostprocessing = 0;
		};
/* End PBXCopyFilesBuildPhase section */

/* Begin PBXFileReference section */
		CE4F92252854AB6D007187E7 /* RingView.swift */ = {isa = PBXFileReference; lastKnownFileType = sourcecode.swift; path = RingView.swift; sourceTree = "<group>"; };
		CE4F92272854B299007187E7 /* Nutrition.swift */ = {isa = PBXFileReference; lastKnownFileType = sourcecode.swift; path = Nutrition.swift; sourceTree = "<group>"; };
		CE5127A9292E23EE0041596A /* CaloriesWidgetLockScreenView.swift */ = {isa = PBXFileReference; lastKnownFileType = sourcecode.swift; path = CaloriesWidgetLockScreenView.swift; sourceTree = "<group>"; };
		CE5127AC292E46470041596A /* screenshots_widget.png */ = {isa = PBXFileReference; lastKnownFileType = image.png; path = screenshots_widget.png; sourceTree = "<group>"; };
		CE6E098D27C32A77008D83B9 /* Calories.app */ = {isa = PBXFileReference; explicitFileType = wrapper.application; includeInIndex = 0; path = Calories.app; sourceTree = BUILT_PRODUCTS_DIR; };
		CE6E099027C32A77008D83B9 /* CaloriesApp.swift */ = {isa = PBXFileReference; lastKnownFileType = sourcecode.swift; path = CaloriesApp.swift; sourceTree = "<group>"; };
		CE6E099227C32A77008D83B9 /* ContentView.swift */ = {isa = PBXFileReference; lastKnownFileType = sourcecode.swift; path = ContentView.swift; sourceTree = "<group>"; };
		CE6E099427C32A77008D83B9 /* Assets.xcassets */ = {isa = PBXFileReference; lastKnownFileType = folder.assetcatalog; path = Assets.xcassets; sourceTree = "<group>"; };
		CE6E099727C32A77008D83B9 /* Preview Assets.xcassets */ = {isa = PBXFileReference; lastKnownFileType = folder.assetcatalog; path = "Preview Assets.xcassets"; sourceTree = "<group>"; };
		CE6E09A227C32A9C008D83B9 /* CaloriesWidgetExtension.appex */ = {isa = PBXFileReference; explicitFileType = "wrapper.app-extension"; includeInIndex = 0; path = CaloriesWidgetExtension.appex; sourceTree = BUILT_PRODUCTS_DIR; };
		CE6E09A427C32A9C008D83B9 /* WidgetKit.framework */ = {isa = PBXFileReference; lastKnownFileType = wrapper.framework; name = WidgetKit.framework; path = System/Library/Frameworks/WidgetKit.framework; sourceTree = SDKROOT; };
		CE6E09A627C32A9C008D83B9 /* SwiftUI.framework */ = {isa = PBXFileReference; lastKnownFileType = wrapper.framework; name = SwiftUI.framework; path = System/Library/Frameworks/SwiftUI.framework; sourceTree = SDKROOT; };
		CE6E09A927C32A9C008D83B9 /* CaloriesWidget.swift */ = {isa = PBXFileReference; lastKnownFileType = sourcecode.swift; path = CaloriesWidget.swift; sourceTree = "<group>"; };
		CE6E09AB27C32A9D008D83B9 /* Assets.xcassets */ = {isa = PBXFileReference; lastKnownFileType = folder.assetcatalog; path = Assets.xcassets; sourceTree = "<group>"; };
		CE6E09AD27C32A9D008D83B9 /* Info.plist */ = {isa = PBXFileReference; lastKnownFileType = text.plist.xml; path = Info.plist; sourceTree = "<group>"; };
		CE6E09B527C32AB8008D83B9 /* CaloriesWidgetExtension.entitlements */ = {isa = PBXFileReference; lastKnownFileType = text.plist.entitlements; path = CaloriesWidgetExtension.entitlements; sourceTree = "<group>"; };
		CE6E09B627C32AB8008D83B9 /* HealthKit.framework */ = {isa = PBXFileReference; lastKnownFileType = wrapper.framework; name = HealthKit.framework; path = System/Library/Frameworks/HealthKit.framework; sourceTree = SDKROOT; };
		CE6E09B827C32AD5008D83B9 /* Calories.entitlements */ = {isa = PBXFileReference; lastKnownFileType = text.plist.entitlements; path = Calories.entitlements; sourceTree = "<group>"; };
		CE6E09BA27C32D73008D83B9 /* HealthValueView.swift */ = {isa = PBXFileReference; lastKnownFileType = sourcecode.swift; path = HealthValueView.swift; sourceTree = "<group>"; };
		CE6E09BE27C33198008D83B9 /* Energy.swift */ = {isa = PBXFileReference; lastKnownFileType = sourcecode.swift; path = Energy.swift; sourceTree = "<group>"; };
		CE6E09C027C34C0A008D83B9 /* HealthObserver.swift */ = {isa = PBXFileReference; lastKnownFileType = sourcecode.swift; path = HealthObserver.swift; sourceTree = "<group>"; };
		CE6E09C227C37751008D83B9 /* CaloriesEntry.swift */ = {isa = PBXFileReference; lastKnownFileType = sourcecode.swift; path = CaloriesEntry.swift; sourceTree = "<group>"; };
		CE78E82C2855A224001DE399 /* CaloriesView.swift */ = {isa = PBXFileReference; lastKnownFileType = sourcecode.swift; path = CaloriesView.swift; sourceTree = "<group>"; };
		CE78E82E2855EA00001DE399 /* CalorieDetailView.swift */ = {isa = PBXFileReference; lastKnownFileType = sourcecode.swift; path = CalorieDetailView.swift; sourceTree = "<group>"; };
		CE78E8322855F67E001DE399 /* NutritionDetailView.swift */ = {isa = PBXFileReference; lastKnownFileType = sourcecode.swift; path = NutritionDetailView.swift; sourceTree = "<group>"; };
		CE794225297D31E600C9499C /* ViewModel.swift */ = {isa = PBXFileReference; lastKnownFileType = sourcecode.swift; path = ViewModel.swift; sourceTree = "<group>"; };
		CE7FFAE628AF897D00E51164 /* icon_v3.png */ = {isa = PBXFileReference; lastKnownFileType = image.png; path = icon_v3.png; sourceTree = "<group>"; };
		CE7FFAE728AF8A2700E51164 /* screenshots_v3.png */ = {isa = PBXFileReference; lastKnownFileType = image.png; path = screenshots_v3.png; sourceTree = "<group>"; };
		CE82CE3B27C47B6B001208D1 /* Color+Extension.swift */ = {isa = PBXFileReference; lastKnownFileType = sourcecode.swift; path = "Color+Extension.swift"; sourceTree = "<group>"; };
		CE871DE427C486EB00BE4DCE /* README.md */ = {isa = PBXFileReference; lastKnownFileType = net.daringfireball.markdown; path = README.md; sourceTree = "<group>"; };
		CE95414A27C3825A00DEB186 /* CaloriesWidgetView.swift */ = {isa = PBXFileReference; lastKnownFileType = sourcecode.swift; path = CaloriesWidgetView.swift; sourceTree = "<group>"; };
		CEF2466328575D8700D9883C /* GoalSettingView.swift */ = {isa = PBXFileReference; lastKnownFileType = sourcecode.swift; path = GoalSettingView.swift; sourceTree = "<group>"; };
/* End PBXFileReference section */

/* Begin PBXFrameworksBuildPhase section */
		CE6E098A27C32A77008D83B9 /* Frameworks */ = {
			isa = PBXFrameworksBuildPhase;
			buildActionMask = 2147483647;
			files = (
				CE6E09B927C32AD5008D83B9 /* HealthKit.framework in Frameworks */,
			);
			runOnlyForDeploymentPostprocessing = 0;
		};
		CE6E099F27C32A9C008D83B9 /* Frameworks */ = {
			isa = PBXFrameworksBuildPhase;
			buildActionMask = 2147483647;
			files = (
				CE6E09B727C32AB8008D83B9 /* HealthKit.framework in Frameworks */,
				CE6E09A727C32A9C008D83B9 /* SwiftUI.framework in Frameworks */,
				CE6E09A527C32A9C008D83B9 /* WidgetKit.framework in Frameworks */,
			);
			runOnlyForDeploymentPostprocessing = 0;
		};
/* End PBXFrameworksBuildPhase section */

/* Begin PBXGroup section */
		CE68AD0B27C5C17A00048740 /* materials */ = {
			isa = PBXGroup;
			children = (
				CE7FFAE628AF897D00E51164 /* icon_v3.png */,
				CE7FFAE728AF8A2700E51164 /* screenshots_v3.png */,
				CE5127AC292E46470041596A /* screenshots_widget.png */,
			);
			path = materials;
			sourceTree = "<group>";
		};
		CE6E098427C32A77008D83B9 = {
			isa = PBXGroup;
			children = (
				CE68AD0B27C5C17A00048740 /* materials */,
				CE871DE427C486EB00BE4DCE /* README.md */,
				CE6E09B527C32AB8008D83B9 /* CaloriesWidgetExtension.entitlements */,
				CE6E098F27C32A77008D83B9 /* Calories */,
				CE6E09A827C32A9C008D83B9 /* CaloriesWidget */,
				CE6E09A327C32A9C008D83B9 /* Frameworks */,
				CE6E098E27C32A77008D83B9 /* Products */,
			);
			sourceTree = "<group>";
		};
		CE6E098E27C32A77008D83B9 /* Products */ = {
			isa = PBXGroup;
			children = (
				CE6E098D27C32A77008D83B9 /* Calories.app */,
				CE6E09A227C32A9C008D83B9 /* CaloriesWidgetExtension.appex */,
			);
			name = Products;
			sourceTree = "<group>";
		};
		CE6E098F27C32A77008D83B9 /* Calories */ = {
			isa = PBXGroup;
			children = (
				CE6E09BD27C33184008D83B9 /* Model */,
				CE6E09BC27C3317B008D83B9 /* View */,
				CE6E09B827C32AD5008D83B9 /* Calories.entitlements */,
				CE6E099027C32A77008D83B9 /* CaloriesApp.swift */,
				CE6E099427C32A77008D83B9 /* Assets.xcassets */,
				CE6E099627C32A77008D83B9 /* Preview Content */,
			);
			path = Calories;
			sourceTree = "<group>";
		};
		CE6E099627C32A77008D83B9 /* Preview Content */ = {
			isa = PBXGroup;
			children = (
				CE6E099727C32A77008D83B9 /* Preview Assets.xcassets */,
			);
			path = "Preview Content";
			sourceTree = "<group>";
		};
		CE6E09A327C32A9C008D83B9 /* Frameworks */ = {
			isa = PBXGroup;
			children = (
				CE6E09B627C32AB8008D83B9 /* HealthKit.framework */,
				CE6E09A427C32A9C008D83B9 /* WidgetKit.framework */,
				CE6E09A627C32A9C008D83B9 /* SwiftUI.framework */,
			);
			name = Frameworks;
			sourceTree = "<group>";
		};
		CE6E09A827C32A9C008D83B9 /* CaloriesWidget */ = {
			isa = PBXGroup;
			children = (
				CE6E09C227C37751008D83B9 /* CaloriesEntry.swift */,
				CE95414A27C3825A00DEB186 /* CaloriesWidgetView.swift */,
				CE5127A9292E23EE0041596A /* CaloriesWidgetLockScreenView.swift */,
				CE6E09A927C32A9C008D83B9 /* CaloriesWidget.swift */,
				CE6E09AB27C32A9D008D83B9 /* Assets.xcassets */,
				CE6E09AD27C32A9D008D83B9 /* Info.plist */,
			);
			path = CaloriesWidget;
			sourceTree = "<group>";
		};
		CE6E09BC27C3317B008D83B9 /* View */ = {
			isa = PBXGroup;
			children = (
				CE82CE3B27C47B6B001208D1 /* Color+Extension.swift */,
				CE6E09BA27C32D73008D83B9 /* HealthValueView.swift */,
				CE4F92252854AB6D007187E7 /* RingView.swift */,
				CE6E099227C32A77008D83B9 /* ContentView.swift */,
				CE78E82C2855A224001DE399 /* CaloriesView.swift */,
				CE78E82E2855EA00001DE399 /* CalorieDetailView.swift */,
				CE78E8322855F67E001DE399 /* NutritionDetailView.swift */,
				CEF2466328575D8700D9883C /* GoalSettingView.swift */,
			);
			path = View;
			sourceTree = "<group>";
		};
		CE6E09BD27C33184008D83B9 /* Model */ = {
			isa = PBXGroup;
			children = (
				CE6E09BE27C33198008D83B9 /* Energy.swift */,
				CE4F92272854B299007187E7 /* Nutrition.swift */,
				CE6E09C027C34C0A008D83B9 /* HealthObserver.swift */,
				CE794225297D31E600C9499C /* ViewModel.swift */,
			);
			path = Model;
			sourceTree = "<group>";
		};
/* End PBXGroup section */

/* Begin PBXNativeTarget section */
		CE6E098C27C32A77008D83B9 /* Calories */ = {
			isa = PBXNativeTarget;
			buildConfigurationList = CE6E099B27C32A77008D83B9 /* Build configuration list for PBXNativeTarget "Calories" */;
			buildPhases = (
				CE6E098927C32A77008D83B9 /* Sources */,
				CE6E098A27C32A77008D83B9 /* Frameworks */,
				CE6E098B27C32A77008D83B9 /* Resources */,
				CE6E09B427C32A9D008D83B9 /* Embed Foundation Extensions */,
			);
			buildRules = (
			);
			dependencies = (
				CE62D7BF27C38153004F5286 /* PBXTargetDependency */,
			);
			name = Calories;
			productName = Calories;
			productReference = CE6E098D27C32A77008D83B9 /* Calories.app */;
			productType = "com.apple.product-type.application";
		};
		CE6E09A127C32A9C008D83B9 /* CaloriesWidgetExtension */ = {
			isa = PBXNativeTarget;
			buildConfigurationList = CE6E09B127C32A9D008D83B9 /* Build configuration list for PBXNativeTarget "CaloriesWidgetExtension" */;
			buildPhases = (
				CE6E099E27C32A9C008D83B9 /* Sources */,
				CE6E099F27C32A9C008D83B9 /* Frameworks */,
				CE6E09A027C32A9C008D83B9 /* Resources */,
			);
			buildRules = (
			);
			dependencies = (
			);
			name = CaloriesWidgetExtension;
			productName = CaloriesWidgetExtension;
			productReference = CE6E09A227C32A9C008D83B9 /* CaloriesWidgetExtension.appex */;
			productType = "com.apple.product-type.app-extension";
		};
/* End PBXNativeTarget section */

/* Begin PBXProject section */
		CE6E098527C32A77008D83B9 /* Project object */ = {
			isa = PBXProject;
			attributes = {
				BuildIndependentTargetsInParallel = 1;
				LastSwiftUpdateCheck = 1320;
				LastUpgradeCheck = 1410;
				TargetAttributes = {
					CE6E098C27C32A77008D83B9 = {
						CreatedOnToolsVersion = 13.2.1;
					};
					CE6E09A127C32A9C008D83B9 = {
						CreatedOnToolsVersion = 13.2.1;
					};
				};
			};
			buildConfigurationList = CE6E098827C32A77008D83B9 /* Build configuration list for PBXProject "Calories" */;
			compatibilityVersion = "Xcode 13.0";
			developmentRegion = en;
			hasScannedForEncodings = 0;
			knownRegions = (
				en,
				Base,
			);
			mainGroup = CE6E098427C32A77008D83B9;
			productRefGroup = CE6E098E27C32A77008D83B9 /* Products */;
			projectDirPath = "";
			projectRoot = "";
			targets = (
				CE6E098C27C32A77008D83B9 /* Calories */,
				CE6E09A127C32A9C008D83B9 /* CaloriesWidgetExtension */,
			);
		};
/* End PBXProject section */

/* Begin PBXResourcesBuildPhase section */
		CE6E098B27C32A77008D83B9 /* Resources */ = {
			isa = PBXResourcesBuildPhase;
			buildActionMask = 2147483647;
			files = (
				CE6E099827C32A77008D83B9 /* Preview Assets.xcassets in Resources */,
				CE6E099527C32A77008D83B9 /* Assets.xcassets in Resources */,
			);
			runOnlyForDeploymentPostprocessing = 0;
		};
		CE6E09A027C32A9C008D83B9 /* Resources */ = {
			isa = PBXResourcesBuildPhase;
			buildActionMask = 2147483647;
			files = (
				CE6E09AC27C32A9D008D83B9 /* Assets.xcassets in Resources */,
			);
			runOnlyForDeploymentPostprocessing = 0;
		};
/* End PBXResourcesBuildPhase section */

/* Begin PBXSourcesBuildPhase section */
		CE6E098927C32A77008D83B9 /* Sources */ = {
			isa = PBXSourcesBuildPhase;
			buildActionMask = 2147483647;
			files = (
				CE78E82D2855A224001DE399 /* CaloriesView.swift in Sources */,
				CE78E82F2855EA00001DE399 /* CalorieDetailView.swift in Sources */,
				CE6E099327C32A77008D83B9 /* ContentView.swift in Sources */,
				CE82CE3C27C47B6B001208D1 /* Color+Extension.swift in Sources */,
				CEF2466428575D8700D9883C /* GoalSettingView.swift in Sources */,
				CE78E8332855F67E001DE399 /* NutritionDetailView.swift in Sources */,
				CE794226297D31E600C9499C /* ViewModel.swift in Sources */,
				CE6E09BF27C33198008D83B9 /* Energy.swift in Sources */,
				CE6E09C127C34C0A008D83B9 /* HealthObserver.swift in Sources */,
				CE6E099127C32A77008D83B9 /* CaloriesApp.swift in Sources */,
				CE4F92262854AB6D007187E7 /* RingView.swift in Sources */,
				CE4F92282854B299007187E7 /* Nutrition.swift in Sources */,
				CE6E09BB27C32D73008D83B9 /* HealthValueView.swift in Sources */,
			);
			runOnlyForDeploymentPostprocessing = 0;
		};
		CE6E099E27C32A9C008D83B9 /* Sources */ = {
			isa = PBXSourcesBuildPhase;
			buildActionMask = 2147483647;
			files = (
				CE5127AB292E2DE90041596A /* CaloriesWidgetLockScreenView.swift in Sources */,
				CE95414B27C3825A00DEB186 /* CaloriesWidgetView.swift in Sources */,
				CE82CE3D27C47BC7001208D1 /* Color+Extension.swift in Sources */,
				CE4F92292854B299007187E7 /* Nutrition.swift in Sources */,
				CE6E09AA27C32A9C008D83B9 /* CaloriesWidget.swift in Sources */,
				CE6E09C727C37F4A008D83B9 /* Energy.swift in Sources */,
				CE6E09C627C37F1D008D83B9 /* CaloriesEntry.swift in Sources */,
				CE4F922A2854BD7B007187E7 /* RingView.swift in Sources */,
				CE6E09C427C3796E008D83B9 /* HealthObserver.swift in Sources */,
			);
			runOnlyForDeploymentPostprocessing = 0;
		};
/* End PBXSourcesBuildPhase section */

/* Begin PBXTargetDependency section */
		CE62D7BF27C38153004F5286 /* PBXTargetDependency */ = {
			isa = PBXTargetDependency;
			target = CE6E09A127C32A9C008D83B9 /* CaloriesWidgetExtension */;
			targetProxy = CE62D7BE27C38153004F5286 /* PBXContainerItemProxy */;
		};
/* End PBXTargetDependency section */

/* Begin XCBuildConfiguration section */
		CE6E099927C32A77008D83B9 /* Debug */ = {
			isa = XCBuildConfiguration;
			buildSettings = {
				ALWAYS_SEARCH_USER_PATHS = NO;
				CLANG_ANALYZER_NONNULL = YES;
				CLANG_ANALYZER_NUMBER_OBJECT_CONVERSION = YES_AGGRESSIVE;
				CLANG_CXX_LANGUAGE_STANDARD = "gnu++17";
				CLANG_CXX_LIBRARY = "libc++";
				CLANG_ENABLE_MODULES = YES;
				CLANG_ENABLE_OBJC_ARC = YES;
				CLANG_ENABLE_OBJC_WEAK = YES;
				CLANG_WARN_BLOCK_CAPTURE_AUTORELEASING = YES;
				CLANG_WARN_BOOL_CONVERSION = YES;
				CLANG_WARN_COMMA = YES;
				CLANG_WARN_CONSTANT_CONVERSION = YES;
				CLANG_WARN_DEPRECATED_OBJC_IMPLEMENTATIONS = YES;
				CLANG_WARN_DIRECT_OBJC_ISA_USAGE = YES_ERROR;
				CLANG_WARN_DOCUMENTATION_COMMENTS = YES;
				CLANG_WARN_EMPTY_BODY = YES;
				CLANG_WARN_ENUM_CONVERSION = YES;
				CLANG_WARN_INFINITE_RECURSION = YES;
				CLANG_WARN_INT_CONVERSION = YES;
				CLANG_WARN_NON_LITERAL_NULL_CONVERSION = YES;
				CLANG_WARN_OBJC_IMPLICIT_RETAIN_SELF = YES;
				CLANG_WARN_OBJC_LITERAL_CONVERSION = YES;
				CLANG_WARN_OBJC_ROOT_CLASS = YES_ERROR;
				CLANG_WARN_QUOTED_INCLUDE_IN_FRAMEWORK_HEADER = YES;
				CLANG_WARN_RANGE_LOOP_ANALYSIS = YES;
				CLANG_WARN_STRICT_PROTOTYPES = YES;
				CLANG_WARN_SUSPICIOUS_MOVE = YES;
				CLANG_WARN_UNGUARDED_AVAILABILITY = YES_AGGRESSIVE;
				CLANG_WARN_UNREACHABLE_CODE = YES;
				CLANG_WARN__DUPLICATE_METHOD_MATCH = YES;
				COPY_PHASE_STRIP = NO;
				DEBUG_INFORMATION_FORMAT = dwarf;
				ENABLE_STRICT_OBJC_MSGSEND = YES;
				ENABLE_TESTABILITY = YES;
				GCC_C_LANGUAGE_STANDARD = gnu11;
				GCC_DYNAMIC_NO_PIC = NO;
				GCC_NO_COMMON_BLOCKS = YES;
				GCC_OPTIMIZATION_LEVEL = 0;
				GCC_PREPROCESSOR_DEFINITIONS = (
					"DEBUG=1",
					"$(inherited)",
				);
				GCC_WARN_64_TO_32_BIT_CONVERSION = YES;
				GCC_WARN_ABOUT_RETURN_TYPE = YES_ERROR;
				GCC_WARN_UNDECLARED_SELECTOR = YES;
				GCC_WARN_UNINITIALIZED_AUTOS = YES_AGGRESSIVE;
				GCC_WARN_UNUSED_FUNCTION = YES;
				GCC_WARN_UNUSED_VARIABLE = YES;
				IPHONEOS_DEPLOYMENT_TARGET = 15.0;
				MTL_ENABLE_DEBUG_INFO = INCLUDE_SOURCE;
				MTL_FAST_MATH = YES;
				ONLY_ACTIVE_ARCH = YES;
				SDKROOT = iphoneos;
				SWIFT_ACTIVE_COMPILATION_CONDITIONS = DEBUG;
				SWIFT_OPTIMIZATION_LEVEL = "-Onone";
			};
			name = Debug;
		};
		CE6E099A27C32A77008D83B9 /* Release */ = {
			isa = XCBuildConfiguration;
			buildSettings = {
				ALWAYS_SEARCH_USER_PATHS = NO;
				CLANG_ANALYZER_NONNULL = YES;
				CLANG_ANALYZER_NUMBER_OBJECT_CONVERSION = YES_AGGRESSIVE;
				CLANG_CXX_LANGUAGE_STANDARD = "gnu++17";
				CLANG_CXX_LIBRARY = "libc++";
				CLANG_ENABLE_MODULES = YES;
				CLANG_ENABLE_OBJC_ARC = YES;
				CLANG_ENABLE_OBJC_WEAK = YES;
				CLANG_WARN_BLOCK_CAPTURE_AUTORELEASING = YES;
				CLANG_WARN_BOOL_CONVERSION = YES;
				CLANG_WARN_COMMA = YES;
				CLANG_WARN_CONSTANT_CONVERSION = YES;
				CLANG_WARN_DEPRECATED_OBJC_IMPLEMENTATIONS = YES;
				CLANG_WARN_DIRECT_OBJC_ISA_USAGE = YES_ERROR;
				CLANG_WARN_DOCUMENTATION_COMMENTS = YES;
				CLANG_WARN_EMPTY_BODY = YES;
				CLANG_WARN_ENUM_CONVERSION = YES;
				CLANG_WARN_INFINITE_RECURSION = YES;
				CLANG_WARN_INT_CONVERSION = YES;
				CLANG_WARN_NON_LITERAL_NULL_CONVERSION = YES;
				CLANG_WARN_OBJC_IMPLICIT_RETAIN_SELF = YES;
				CLANG_WARN_OBJC_LITERAL_CONVERSION = YES;
				CLANG_WARN_OBJC_ROOT_CLASS = YES_ERROR;
				CLANG_WARN_QUOTED_INCLUDE_IN_FRAMEWORK_HEADER = YES;
				CLANG_WARN_RANGE_LOOP_ANALYSIS = YES;
				CLANG_WARN_STRICT_PROTOTYPES = YES;
				CLANG_WARN_SUSPICIOUS_MOVE = YES;
				CLANG_WARN_UNGUARDED_AVAILABILITY = YES_AGGRESSIVE;
				CLANG_WARN_UNREACHABLE_CODE = YES;
				CLANG_WARN__DUPLICATE_METHOD_MATCH = YES;
				COPY_PHASE_STRIP = NO;
				DEBUG_INFORMATION_FORMAT = "dwarf-with-dsym";
				ENABLE_NS_ASSERTIONS = NO;
				ENABLE_STRICT_OBJC_MSGSEND = YES;
				GCC_C_LANGUAGE_STANDARD = gnu11;
				GCC_NO_COMMON_BLOCKS = YES;
				GCC_WARN_64_TO_32_BIT_CONVERSION = YES;
				GCC_WARN_ABOUT_RETURN_TYPE = YES_ERROR;
				GCC_WARN_UNDECLARED_SELECTOR = YES;
				GCC_WARN_UNINITIALIZED_AUTOS = YES_AGGRESSIVE;
				GCC_WARN_UNUSED_FUNCTION = YES;
				GCC_WARN_UNUSED_VARIABLE = YES;
				IPHONEOS_DEPLOYMENT_TARGET = 15.0;
				MTL_ENABLE_DEBUG_INFO = NO;
				MTL_FAST_MATH = YES;
				SDKROOT = iphoneos;
				SWIFT_COMPILATION_MODE = wholemodule;
				SWIFT_OPTIMIZATION_LEVEL = "-O";
				VALIDATE_PRODUCT = YES;
			};
			name = Release;
		};
		CE6E099C27C32A77008D83B9 /* Debug */ = {
			isa = XCBuildConfiguration;
			buildSettings = {
				ALWAYS_EMBED_SWIFT_STANDARD_LIBRARIES = YES;
				ASSETCATALOG_COMPILER_APPICON_NAME = AppIcon;
				ASSETCATALOG_COMPILER_GLOBAL_ACCENT_COLOR_NAME = AccentColor;
				CODE_SIGN_ENTITLEMENTS = Calories/Calories.entitlements;
				CODE_SIGN_STYLE = Automatic;
				CURRENT_PROJECT_VERSION = 1;
				DEVELOPMENT_ASSET_PATHS = "\"Calories/Preview Content\"";
				DEVELOPMENT_TEAM = WHBF4Z49B6;
				ENABLE_PREVIEWS = YES;
				GENERATE_INFOPLIST_FILE = YES;
				INFOPLIST_KEY_NSHealthClinicalHealthRecordsShareUsageDescription = "Read active energy, resting energy, and dietary energy";
				INFOPLIST_KEY_NSHealthShareUsageDescription = "Read active energy, resting energy, and dietary energy";
				INFOPLIST_KEY_UIApplicationSceneManifest_Generation = YES;
				INFOPLIST_KEY_UIApplicationSupportsIndirectInputEvents = YES;
				INFOPLIST_KEY_UILaunchScreen_Generation = YES;
				INFOPLIST_KEY_UISupportedInterfaceOrientations = UIInterfaceOrientationPortrait;
				INFOPLIST_KEY_UISupportedInterfaceOrientations_iPad = "UIInterfaceOrientationPortrait UIInterfaceOrientationPortraitUpsideDown UIInterfaceOrientationLandscapeLeft UIInterfaceOrientationLandscapeRight";
				INFOPLIST_KEY_UISupportedInterfaceOrientations_iPhone = "UIInterfaceOrientationPortrait UIInterfaceOrientationLandscapeLeft UIInterfaceOrientationLandscapeRight";
				IPHONEOS_DEPLOYMENT_TARGET = 15.0;
				LD_RUNPATH_SEARCH_PATHS = (
					"$(inherited)",
					"@executable_path/Frameworks",
				);
				MARKETING_VERSION = 4.2.2;
				PRODUCT_BUNDLE_IDENTIFIER = com.shakshi.Calories;
				PRODUCT_NAME = "$(TARGET_NAME)";
				SWIFT_EMIT_LOC_STRINGS = YES;
				SWIFT_VERSION = 5.0;
				TARGETED_DEVICE_FAMILY = 1;
			};
			name = Debug;
		};
		CE6E099D27C32A77008D83B9 /* Release */ = {
			isa = XCBuildConfiguration;
			buildSettings = {
				ALWAYS_EMBED_SWIFT_STANDARD_LIBRARIES = YES;
				ASSETCATALOG_COMPILER_APPICON_NAME = AppIcon;
				ASSETCATALOG_COMPILER_GLOBAL_ACCENT_COLOR_NAME = AccentColor;
				CODE_SIGN_ENTITLEMENTS = Calories/Calories.entitlements;
				CODE_SIGN_STYLE = Automatic;
				CURRENT_PROJECT_VERSION = 1;
				DEVELOPMENT_ASSET_PATHS = "\"Calories/Preview Content\"";
				DEVELOPMENT_TEAM = WHBF4Z49B6;
				ENABLE_PREVIEWS = YES;
				GENERATE_INFOPLIST_FILE = YES;
				INFOPLIST_KEY_NSHealthClinicalHealthRecordsShareUsageDescription = "Read active energy, resting energy, and dietary energy";
				INFOPLIST_KEY_NSHealthShareUsageDescription = "Read active energy, resting energy, and dietary energy";
				INFOPLIST_KEY_UIApplicationSceneManifest_Generation = YES;
				INFOPLIST_KEY_UIApplicationSupportsIndirectInputEvents = YES;
				INFOPLIST_KEY_UILaunchScreen_Generation = YES;
				INFOPLIST_KEY_UISupportedInterfaceOrientations = UIInterfaceOrientationPortrait;
				INFOPLIST_KEY_UISupportedInterfaceOrientations_iPad = "UIInterfaceOrientationPortrait UIInterfaceOrientationPortraitUpsideDown UIInterfaceOrientationLandscapeLeft UIInterfaceOrientationLandscapeRight";
				INFOPLIST_KEY_UISupportedInterfaceOrientations_iPhone = "UIInterfaceOrientationPortrait UIInterfaceOrientationLandscapeLeft UIInterfaceOrientationLandscapeRight";
				IPHONEOS_DEPLOYMENT_TARGET = 15.0;
				LD_RUNPATH_SEARCH_PATHS = (
					"$(inherited)",
					"@executable_path/Frameworks",
				);
				MARKETING_VERSION = 4.2.2;
				PRODUCT_BUNDLE_IDENTIFIER = com.shakshi.Calories;
				PRODUCT_NAME = "$(TARGET_NAME)";
				SWIFT_EMIT_LOC_STRINGS = YES;
				SWIFT_VERSION = 5.0;
				TARGETED_DEVICE_FAMILY = 1;
			};
			name = Release;
		};
		CE6E09B227C32A9D008D83B9 /* Debug */ = {
			isa = XCBuildConfiguration;
			buildSettings = {
				ASSETCATALOG_COMPILER_GLOBAL_ACCENT_COLOR_NAME = AccentColor;
				ASSETCATALOG_COMPILER_WIDGET_BACKGROUND_COLOR_NAME = WidgetBackground;
				CODE_SIGN_ENTITLEMENTS = CaloriesWidgetExtension.entitlements;
				CODE_SIGN_STYLE = Automatic;
				CURRENT_PROJECT_VERSION = 1;
				DEVELOPMENT_TEAM = WHBF4Z49B6;
				GENERATE_INFOPLIST_FILE = YES;
				INFOPLIST_FILE = CaloriesWidget/Info.plist;
				INFOPLIST_KEY_CFBundleDisplayName = CaloriesWidget;
				INFOPLIST_KEY_NSHealthClinicalHealthRecordsShareUsageDescription = "Read active energy, resting energy, and dietary energy";
				INFOPLIST_KEY_NSHealthShareUsageDescription = "Read active energy, resting energy, and dietary energy";
				INFOPLIST_KEY_NSHumanReadableCopyright = "";
				IPHONEOS_DEPLOYMENT_TARGET = 15.0;
				LD_RUNPATH_SEARCH_PATHS = (
					"$(inherited)",
					"@executable_path/Frameworks",
					"@executable_path/../../Frameworks",
				);
				MARKETING_VERSION = 4.1.0;
				PRODUCT_BUNDLE_IDENTIFIER = com.shakshi.Calories.CaloriesWidget;
				PRODUCT_NAME = "$(TARGET_NAME)";
				SKIP_INSTALL = YES;
				SWIFT_EMIT_LOC_STRINGS = YES;
				SWIFT_VERSION = 5.0;
				TARGETED_DEVICE_FAMILY = 1;
			};
			name = Debug;
		};
		CE6E09B327C32A9D008D83B9 /* Release */ = {
			isa = XCBuildConfiguration;
			buildSettings = {
				ASSETCATALOG_COMPILER_GLOBAL_ACCENT_COLOR_NAME = AccentColor;
				ASSETCATALOG_COMPILER_WIDGET_BACKGROUND_COLOR_NAME = WidgetBackground;
				CODE_SIGN_ENTITLEMENTS = CaloriesWidgetExtension.entitlements;
				CODE_SIGN_STYLE = Automatic;
				CURRENT_PROJECT_VERSION = 1;
				DEVELOPMENT_TEAM = WHBF4Z49B6;
				GENERATE_INFOPLIST_FILE = YES;
				INFOPLIST_FILE = CaloriesWidget/Info.plist;
				INFOPLIST_KEY_CFBundleDisplayName = CaloriesWidget;
				INFOPLIST_KEY_NSHealthClinicalHealthRecordsShareUsageDescription = "Read active energy, resting energy, and dietary energy";
				INFOPLIST_KEY_NSHealthShareUsageDescription = "Read active energy, resting energy, and dietary energy";
				INFOPLIST_KEY_NSHumanReadableCopyright = "";
				IPHONEOS_DEPLOYMENT_TARGET = 15.0;
				LD_RUNPATH_SEARCH_PATHS = (
					"$(inherited)",
					"@executable_path/Frameworks",
					"@executable_path/../../Frameworks",
				);
				MARKETING_VERSION = 4.1.0;
				PRODUCT_BUNDLE_IDENTIFIER = com.shakshi.Calories.CaloriesWidget;
				PRODUCT_NAME = "$(TARGET_NAME)";
				SKIP_INSTALL = YES;
				SWIFT_EMIT_LOC_STRINGS = YES;
				SWIFT_VERSION = 5.0;
				TARGETED_DEVICE_FAMILY = 1;
			};
			name = Release;
		};
/* End XCBuildConfiguration section */

/* Begin XCConfigurationList section */
		CE6E098827C32A77008D83B9 /* Build configuration list for PBXProject "Calories" */ = {
			isa = XCConfigurationList;
			buildConfigurations = (
				CE6E099927C32A77008D83B9 /* Debug */,
				CE6E099A27C32A77008D83B9 /* Release */,
			);
			defaultConfigurationIsVisible = 0;
			defaultConfigurationName = Release;
		};
		CE6E099B27C32A77008D83B9 /* Build configuration list for PBXNativeTarget "Calories" */ = {
			isa = XCConfigurationList;
			buildConfigurations = (
				CE6E099C27C32A77008D83B9 /* Debug */,
				CE6E099D27C32A77008D83B9 /* Release */,
			);
			defaultConfigurationIsVisible = 0;
			defaultConfigurationName = Release;
		};
		CE6E09B127C32A9D008D83B9 /* Build configuration list for PBXNativeTarget "CaloriesWidgetExtension" */ = {
			isa = XCConfigurationList;
			buildConfigurations = (
				CE6E09B227C32A9D008D83B9 /* Debug */,
				CE6E09B327C32A9D008D83B9 /* Release */,
			);
			defaultConfigurationIsVisible = 0;
			defaultConfigurationName = Release;
		};
/* End XCConfigurationList section */
	};
	rootObject = CE6E098527C32A77008D83B9 /* Project object */;
}
